
Microsoft Visual Studio Solution File, Format Version 12.00
# Visual Studio Version 16
VisualStudioVersion = 16.0.30709.132
MinimumVisualStudioVersion = 10.0.40219.1
Project("{2150E333-8FDC-42A3-9474-1A3956D46DE8}") = "API", "API", "{C0BD45A6-BC2D-497D-80CE-1C9CD51860E6}"
EndProject
Project("{2150E333-8FDC-42A3-9474-1A3956D46DE8}") = "CORE", "CORE", "{52E5E48D-08EF-4E23-8D71-C891E10017AF}"
EndProject
Project("{2150E333-8FDC-42A3-9474-1A3956D46DE8}") = "INFRAS", "INFRAS", "{0A2C8B99-2AA9-45A6-91E4-DFF3CF26103A}"
EndProject
Project("{9A19103F-16F7-4668-BE54-9A1E7A4F7556}") = "Todo.Dominio", "Todo.Dominio\Todo.Dominio\Todo.Dominio.csproj", "{02896E32-1F53-4E0F-B94B-F0923F74B37B}"
EndProject
Project("{9A19103F-16F7-4668-BE54-9A1E7A4F7556}") = "Todo.Infra", "Todo.Infra\Todo.Infra.csproj", "{4893FDE3-D194-47C5-829E-55B55529296D}"
EndProject
Project("{9A19103F-16F7-4668-BE54-9A1E7A4F7556}") = "Todo.Api", "Todo.Api\Todo.Api\Todo.Api.csproj", "{DC0D90F9-A130-4E94-ABFB-A253FC5050C9}"
EndProject
Project("{2150E333-8FDC-42A3-9474-1A3956D46DE8}") = "Comum", "Comum", "{2BF39F26-8447-4A25-A76C-EA12B415A423}"
EndProject
Project("{2150E333-8FDC-42A3-9474-1A3956D46DE8}") = "Contexto", "Contexto", "{35D213E2-1B2E-487B-8B10-57F3BFD9794F}"
EndProject
Project("{2150E333-8FDC-42A3-9474-1A3956D46DE8}") = "Biblioteca", "Biblioteca", "{FD4AE65E-C7D8-45EA-899A-0A206FFE8B93}"
EndProject
Project("{2150E333-8FDC-42A3-9474-1A3956D46DE8}") = "Eventos", "Eventos", "{14EA2DFA-B206-45C3-B4DC-5F74222C08B1}"
EndProject
Project("{2150E333-8FDC-42A3-9474-1A3956D46DE8}") = "Professor", "Professor", "{2033F32B-69A2-4F23-9665-67B8C0D44D83}"
EndProject
Project("{2150E333-8FDC-42A3-9474-1A3956D46DE8}") = "Npj", "Npj", "{1CF482D7-4D36-41AD-BC35-283C5CD75B72}"
EndProject
Project("{2150E333-8FDC-42A3-9474-1A3956D46DE8}") = "Documentos", "Documentos", "{70EACBFC-FECE-424D-B8C6-7375E0AB25AC}"
EndProject
Project("{2150E333-8FDC-42A3-9474-1A3956D46DE8}") = "Admin", "Admin", "{343356E5-4EE0-4D10-96D8-B011DC4F13C5}"
EndProject
Project("{9A19103F-16F7-4668-BE54-9A1E7A4F7556}") = "Todo.Aplicacao", "Todo.Aplicacao\Todo.Aplicacao.csproj", "{08D8180C-423E-4ABC-BF1F-0291070CF05E}"
EndProject
Project("{2150E333-8FDC-42A3-9474-1A3956D46DE8}") = "TESTS", "TESTS", "{188D318B-AA72-4CD2-9DBE-D64741F2A8F1}"
EndProject
Project("{FAE04EC0-301F-11D3-BF4B-00C04F79EFBC}") = "Todo.Test", "Todo.Test\Todo.Test.csproj", "{10AF1F68-FEBB-4DCB-AE58-3E3211038A24}"
EndProject
Global
	GlobalSection(SolutionConfigurationPlatforms) = preSolution
		Debug|Any CPU = Debug|Any CPU
		Release|Any CPU = Release|Any CPU
	EndGlobalSection
	GlobalSection(ProjectConfigurationPlatforms) = postSolution
		{02896E32-1F53-4E0F-B94B-F0923F74B37B}.Debug|Any CPU.ActiveCfg = Debug|Any CPU
		{02896E32-1F53-4E0F-B94B-F0923F74B37B}.Debug|Any CPU.Build.0 = Debug|Any CPU
		{02896E32-1F53-4E0F-B94B-F0923F74B37B}.Release|Any CPU.ActiveCfg = Release|Any CPU
		{02896E32-1F53-4E0F-B94B-F0923F74B37B}.Release|Any CPU.Build.0 = Release|Any CPU
		{4893FDE3-D194-47C5-829E-55B55529296D}.Debug|Any CPU.ActiveCfg = Debug|Any CPU
		{4893FDE3-D194-47C5-829E-55B55529296D}.Debug|Any CPU.Build.0 = Debug|Any CPU
		{4893FDE3-D194-47C5-829E-55B55529296D}.Release|Any CPU.ActiveCfg = Release|Any CPU
		{4893FDE3-D194-47C5-829E-55B55529296D}.Release|Any CPU.Build.0 = Release|Any CPU
		{DC0D90F9-A130-4E94-ABFB-A253FC5050C9}.Debug|Any CPU.ActiveCfg = Debug|Any CPU
		{DC0D90F9-A130-4E94-ABFB-A253FC5050C9}.Debug|Any CPU.Build.0 = Debug|Any CPU
		{DC0D90F9-A130-4E94-ABFB-A253FC5050C9}.Release|Any CPU.ActiveCfg = Release|Any CPU
		{DC0D90F9-A130-4E94-ABFB-A253FC5050C9}.Release|Any CPU.Build.0 = Release|Any CPU
		{08D8180C-423E-4ABC-BF1F-0291070CF05E}.Debug|Any CPU.ActiveCfg = Debug|Any CPU
		{08D8180C-423E-4ABC-BF1F-0291070CF05E}.Debug|Any CPU.Build.0 = Debug|Any CPU
		{08D8180C-423E-4ABC-BF1F-0291070CF05E}.Release|Any CPU.ActiveCfg = Release|Any CPU
		{08D8180C-423E-4ABC-BF1F-0291070CF05E}.Release|Any CPU.Build.0 = Release|Any CPU
		{10AF1F68-FEBB-4DCB-AE58-3E3211038A24}.Debug|Any CPU.ActiveCfg = Debug|Any CPU
		{10AF1F68-FEBB-4DCB-AE58-3E3211038A24}.Debug|Any CPU.Build.0 = Debug|Any CPU
		{10AF1F68-FEBB-4DCB-AE58-3E3211038A24}.Release|Any CPU.ActiveCfg = Release|Any CPU
		{10AF1F68-FEBB-4DCB-AE58-3E3211038A24}.Release|Any CPU.Build.0 = Release|Any CPU
	EndGlobalSection
	GlobalSection(SolutionProperties) = preSolution
		HideSolutionNode = FALSE
	EndGlobalSection
	GlobalSection(NestedProjects) = preSolution
		{02896E32-1F53-4E0F-B94B-F0923F74B37B} = {52E5E48D-08EF-4E23-8D71-C891E10017AF}
		{4893FDE3-D194-47C5-829E-55B55529296D} = {0A2C8B99-2AA9-45A6-91E4-DFF3CF26103A}
		{DC0D90F9-A130-4E94-ABFB-A253FC5050C9} = {C0BD45A6-BC2D-497D-80CE-1C9CD51860E6}
		{2BF39F26-8447-4A25-A76C-EA12B415A423} = {52E5E48D-08EF-4E23-8D71-C891E10017AF}
		{35D213E2-1B2E-487B-8B10-57F3BFD9794F} = {52E5E48D-08EF-4E23-8D71-C891E10017AF}
		{FD4AE65E-C7D8-45EA-899A-0A206FFE8B93} = {35D213E2-1B2E-487B-8B10-57F3BFD9794F}
		{14EA2DFA-B206-45C3-B4DC-5F74222C08B1} = {35D213E2-1B2E-487B-8B10-57F3BFD9794F}
		{2033F32B-69A2-4F23-9665-67B8C0D44D83} = {35D213E2-1B2E-487B-8B10-57F3BFD9794F}
		{1CF482D7-4D36-41AD-BC35-283C5CD75B72} = {35D213E2-1B2E-487B-8B10-57F3BFD9794F}
		{70EACBFC-FECE-424D-B8C6-7375E0AB25AC} = {35D213E2-1B2E-487B-8B10-57F3BFD9794F}
		{343356E5-4EE0-4D10-96D8-B011DC4F13C5} = {35D213E2-1B2E-487B-8B10-57F3BFD9794F}
		{08D8180C-423E-4ABC-BF1F-0291070CF05E} = {52E5E48D-08EF-4E23-8D71-C891E10017AF}
		{10AF1F68-FEBB-4DCB-AE58-3E3211038A24} = {188D318B-AA72-4CD2-9DBE-D64741F2A8F1}
	EndGlobalSection
	GlobalSection(ExtensibilityGlobals) = postSolution
		SolutionGuid = {6266F659-AA96-4F44-ABD2-4BE5B603A384}
	EndGlobalSection
EndGlobal
